// !$*UTF8*$!
{
	archiveVersion = 1;
	classes = {
	};
	objectVersion = 46;
	objects = {

/* Begin PBXBuildFile section */
		A1D72EBA1E95996C0029E73C /* SVNShapesManager.h in Headers */ = {isa = PBXBuildFile; fileRef = A1D72EB81E95996C0029E73C /* SVNShapesManager.h */; settings = {ATTRIBUTES = (Public, ); }; };
		A1D72EDA1E95AB880029E73C /* SVNShapesManager.swift in Sources */ = {isa = PBXBuildFile; fileRef = A1D72ED91E95AB880029E73C /* SVNShapesManager.swift */; };
		A1D72EDC1E95ABC90029E73C /* ShapeMetaData.swift in Sources */ = {isa = PBXBuildFile; fileRef = A1D72EDB1E95ABC90029E73C /* ShapeMetaData.swift */; };
		A1D72EDE1E95AC470029E73C /* SVNShapeLocation.swift in Sources */ = {isa = PBXBuildFile; fileRef = A1D72EDD1E95AC470029E73C /* SVNShapeLocation.swift */; };
		A1D72EE01E95AC590029E73C /* SVNShape.swift in Sources */ = {isa = PBXBuildFile; fileRef = A1D72EDF1E95AC590029E73C /* SVNShape.swift */; };
/* End PBXBuildFile section */

/* Begin PBXFileReference section */
		A1D72EB51E95996C0029E73C /* SVNShapesManager.framework */ = {isa = PBXFileReference; explicitFileType = wrapper.framework; includeInIndex = 0; path = SVNShapesManager.framework; sourceTree = BUILT_PRODUCTS_DIR; };
		A1D72EB81E95996C0029E73C /* SVNShapesManager.h */ = {isa = PBXFileReference; lastKnownFileType = sourcecode.c.h; path = SVNShapesManager.h; sourceTree = "<group>"; };
		A1D72EB91E95996C0029E73C /* Info.plist */ = {isa = PBXFileReference; lastKnownFileType = text.plist.xml; path = Info.plist; sourceTree = "<group>"; };
		A1D72ED91E95AB880029E73C /* SVNShapesManager.swift */ = {isa = PBXFileReference; fileEncoding = 4; lastKnownFileType = sourcecode.swift; path = SVNShapesManager.swift; sourceTree = "<group>"; };
		A1D72EDB1E95ABC90029E73C /* ShapeMetaData.swift */ = {isa = PBXFileReference; fileEncoding = 4; lastKnownFileType = sourcecode.swift; path = ShapeMetaData.swift; sourceTree = "<group>"; };
		A1D72EDD1E95AC470029E73C /* SVNShapeLocation.swift */ = {isa = PBXFileReference; fileEncoding = 4; lastKnownFileType = sourcecode.swift; path = SVNShapeLocation.swift; sourceTree = "<group>"; };
		A1D72EDF1E95AC590029E73C /* SVNShape.swift */ = {isa = PBXFileReference; fileEncoding = 4; lastKnownFileType = sourcecode.swift; path = SVNShape.swift; sourceTree = "<group>"; };
/* End PBXFileReference section */

/* Begin PBXFrameworksBuildPhase section */
		A1D72EB11E95996C0029E73C /* Frameworks */ = {
			isa = PBXFrameworksBuildPhase;
			buildActionMask = 2147483647;
			files = (
			);
			runOnlyForDeploymentPostprocessing = 0;
		};
/* End PBXFrameworksBuildPhase section */

/* Begin PBXGroup section */
		A1D72EAB1E95996C0029E73C = {
			isa = PBXGroup;
			children = (
				A1D72EB71E95996C0029E73C /* SVNShapesManager */,
				A1D72EB61E95996C0029E73C /* Products */,
			);
			sourceTree = "<group>";
		};
		A1D72EB61E95996C0029E73C /* Products */ = {
			isa = PBXGroup;
			children = (
				A1D72EB51E95996C0029E73C /* SVNShapesManager.framework */,
			);
			name = Products;
			sourceTree = "<group>";
		};
		A1D72EB71E95996C0029E73C /* SVNShapesManager */ = {
			isa = PBXGroup;
			children = (
				A1D72EE21E95AC950029E73C /* Manager */,
				A1D72EE11E95AC8F0029E73C /* Model */,
				A1D72EB81E95996C0029E73C /* SVNShapesManager.h */,
				A1D72EB91E95996C0029E73C /* Info.plist */,
			);
			path = SVNShapesManager;
			sourceTree = "<group>";
		};
		A1D72EE11E95AC8F0029E73C /* Model */ = {
			isa = PBXGroup;
			children = (
				A1D72EDD1E95AC470029E73C /* SVNShapeLocation.swift */,
				A1D72EDF1E95AC590029E73C /* SVNShape.swift */,
				A1D72EDB1E95ABC90029E73C /* ShapeMetaData.swift */,
			);
			name = Model;
			sourceTree = "<group>";
		};
		A1D72EE21E95AC950029E73C /* Manager */ = {
			isa = PBXGroup;
			children = (
				A1D72ED91E95AB880029E73C /* SVNShapesManager.swift */,
			);
			name = Manager;
			sourceTree = "<group>";
		};
/* End PBXGroup section */

/* Begin PBXHeadersBuildPhase section */
		A1D72EB21E95996C0029E73C /* Headers */ = {
			isa = PBXHeadersBuildPhase;
			buildActionMask = 2147483647;
			files = (
				A1D72EBA1E95996C0029E73C /* SVNShapesManager.h in Headers */,
			);
			runOnlyForDeploymentPostprocessing = 0;
		};
/* End PBXHeadersBuildPhase section */

/* Begin PBXNativeTarget section */
		A1D72EB41E95996C0029E73C /* SVNShapesManager */ = {
			isa = PBXNativeTarget;
			buildConfigurationList = A1D72EBD1E95996C0029E73C /* Build configuration list for PBXNativeTarget "SVNShapesManager" */;
			buildPhases = (
				A1D72EB01E95996C0029E73C /* Sources */,
				A1D72EB11E95996C0029E73C /* Frameworks */,
				A1D72EB21E95996C0029E73C /* Headers */,
				A1D72EB31E95996C0029E73C /* Resources */,
			);
			buildRules = (
			);
			dependencies = (
			);
			name = SVNShapesManager;
			productName = SVNShapesManager;
			productReference = A1D72EB51E95996C0029E73C /* SVNShapesManager.framework */;
			productType = "com.apple.product-type.framework";
		};
/* End PBXNativeTarget section */

/* Begin PBXProject section */
		A1D72EAC1E95996C0029E73C /* Project object */ = {
			isa = PBXProject;
			attributes = {
				LastUpgradeCheck = 0820;
				ORGANIZATIONNAME = 7apps;
				TargetAttributes = {
					A1D72EB41E95996C0029E73C = {
						CreatedOnToolsVersion = 8.2.1;
						DevelopmentTeam = BEPPW5449K;
						LastSwiftMigration = 0820;
						ProvisioningStyle = Automatic;
					};
				};
			};
			buildConfigurationList = A1D72EAF1E95996C0029E73C /* Build configuration list for PBXProject "SVNShapesManager" */;
			compatibilityVersion = "Xcode 3.2";
			developmentRegion = English;
			hasScannedForEncodings = 0;
			knownRegions = (
				en,
			);
			mainGroup = A1D72EAB1E95996C0029E73C;
			productRefGroup = A1D72EB61E95996C0029E73C /* Products */;
			projectDirPath = "";
			projectRoot = "";
			targets = (
				A1D72EB41E95996C0029E73C /* SVNShapesManager */,
			);
		};
/* End PBXProject section */

/* Begin PBXResourcesBuildPhase section */
		A1D72EB31E95996C0029E73C /* Resources */ = {
			isa = PBXResourcesBuildPhase;
			buildActionMask = 2147483647;
			files = (
			);
			runOnlyForDeploymentPostprocessing = 0;
		};
/* End PBXResourcesBuildPhase section */

/* Begin PBXSourcesBuildPhase section */
		A1D72EB01E95996C0029E73C /* Sources */ = {
			isa = PBXSourcesBuildPhase;
			buildActionMask = 2147483647;
			files = (
				A1D72EDE1E95AC470029E73C /* SVNShapeLocation.swift in Sources */,
				A1D72EE01E95AC590029E73C /* SVNShape.swift in Sources */,
				A1D72EDC1E95ABC90029E73C /* ShapeMetaData.swift in Sources */,
				A1D72EDA1E95AB880029E73C /* SVNShapesManager.swift in Sources */,
			);
			runOnlyForDeploymentPostprocessing = 0;
		};
/* End PBXSourcesBuildPhase section */

/* Begin XCBuildConfiguration section */
		A1D72EBB1E95996C0029E73C /* Debug */ = {
			isa = XCBuildConfiguration;
			buildSettings = {
				ALWAYS_SEARCH_USER_PATHS = NO;
				CLANG_ANALYZER_NONNULL = YES;
				CLANG_CXX_LANGUAGE_STANDARD = "gnu++0x";
				CLANG_CXX_LIBRARY = "libc++";
				CLANG_ENABLE_MODULES = YES;
				CLANG_ENABLE_OBJC_ARC = YES;
				CLANG_WARN_BOOL_CONVERSION = YES;
				CLANG_WARN_CONSTANT_CONVERSION = YES;
				CLANG_WARN_DIRECT_OBJC_ISA_USAGE = YES_ERROR;
				CLANG_WARN_DOCUMENTATION_COMMENTS = YES;
				CLANG_WARN_EMPTY_BODY = YES;
				CLANG_WARN_ENUM_CONVERSION = YES;
				CLANG_WARN_INFINITE_RECURSION = YES;
				CLANG_WARN_INT_CONVERSION = YES;
				CLANG_WARN_OBJC_ROOT_CLASS = YES_ERROR;
				CLANG_WARN_SUSPICIOUS_MOVE = YES;
				CLANG_WARN_UNREACHABLE_CODE = YES;
				CLANG_WARN__DUPLICATE_METHOD_MATCH = YES;
				"CODE_SIGN_IDENTITY[sdk=iphoneos*]" = "iPhone Developer";
				COPY_PHASE_STRIP = NO;
				CURRENT_PROJECT_VERSION = 1;
				DEBUG_INFORMATION_FORMAT = dwarf;
				ENABLE_STRICT_OBJC_MSGSEND = YES;
				ENABLE_TESTABILITY = YES;
				GCC_C_LANGUAGE_STANDARD = gnu99;
				GCC_DYNAMIC_NO_PIC = NO;
				GCC_NO_COMMON_BLOCKS = YES;
				GCC_OPTIMIZATION_LEVEL = 0;
				GCC_PREPROCESSOR_DEFINITIONS = (
					"DEBUG=1",
					"$(inherited)",
				);
				GCC_WARN_64_TO_32_BIT_CONVERSION = YES;
				GCC_WARN_ABOUT_RETURN_TYPE = YES_ERROR;
				GCC_WARN_UNDECLARED_SELECTOR = YES;
				GCC_WARN_UNINITIALIZED_AUTOS = YES_AGGRESSIVE;
				GCC_WARN_UNUSED_FUNCTION = YES;
				GCC_WARN_UNUSED_VARIABLE = YES;
				IPHONEOS_DEPLOYMENT_TARGET = 10.2;
				MTL_ENABLE_DEBUG_INFO = YES;
				ONLY_ACTIVE_ARCH = YES;
				SDKROOT = iphoneos;
				SWIFT_ACTIVE_COMPILATION_CONDITIONS = DEBUG;
				SWIFT_OPTIMIZATION_LEVEL = "-Onone";
				TARGETED_DEVICE_FAMILY = "1,2";
				VERSIONING_SYSTEM = "apple-generic";
				VERSION_INFO_PREFIX = "";
			};
			name = Debug;
		};
		A1D72EBC1E95996C0029E73C /* Release */ = {
			isa = XCBuildConfiguration;
			buildSettings = {
				ALWAYS_SEARCH_USER_PATHS = NO;
				CLANG_ANALYZER_NONNULL = YES;
				CLANG_CXX_LANGUAGE_STANDARD = "gnu++0x";
				CLANG_CXX_LIBRARY = "libc++";
				CLANG_ENABLE_MODULES = YES;
				CLANG_ENABLE_OBJC_ARC = YES;
				CLANG_WARN_BOOL_CONVERSION = YES;
				CLANG_WARN_CONSTANT_CONVERSION = YES;
				CLANG_WARN_DIRECT_OBJC_ISA_USAGE = YES_ERROR;
				CLANG_WARN_DOCUMENTATION_COMMENTS = YES;
				CLANG_WARN_EMPTY_BODY = YES;
				CLANG_WARN_ENUM_CONVERSION = YES;
				CLANG_WARN_INFINITE_RECURSION = YES;
				CLANG_WARN_INT_CONVERSION = YES;
				CLANG_WARN_OBJC_ROOT_CLASS = YES_ERROR;
				CLANG_WARN_SUSPICIOUS_MOVE = YES;
				CLANG_WARN_UNREACHABLE_CODE = YES;
				CLANG_WARN__DUPLICATE_METHOD_MATCH = YES;
				"CODE_SIGN_IDENTITY[sdk=iphoneos*]" = "iPhone Developer";
				COPY_PHASE_STRIP = NO;
				CURRENT_PROJECT_VERSION = 1;
				DEBUG_INFORMATION_FORMAT = "dwarf-with-dsym";
				ENABLE_NS_ASSERTIONS = NO;
				ENABLE_STRICT_OBJC_MSGSEND = YES;
				GCC_C_LANGUAGE_STANDARD = gnu99;
				GCC_NO_COMMON_BLOCKS = YES;
				GCC_WARN_64_TO_32_BIT_CONVERSION = YES;
				GCC_WARN_ABOUT_RETURN_TYPE = YES_ERROR;
				GCC_WARN_UNDECLARED_SELECTOR = YES;
				GCC_WARN_UNINITIALIZED_AUTOS = YES_AGGRESSIVE;
				GCC_WARN_UNUSED_FUNCTION = YES;
				GCC_WARN_UNUSED_VARIABLE = YES;
				IPHONEOS_DEPLOYMENT_TARGET = 10.2;
				MTL_ENABLE_DEBUG_INFO = NO;
				SDKROOT = iphoneos;
				SWIFT_OPTIMIZATION_LEVEL = "-Owholemodule";
				TARGETED_DEVICE_FAMILY = "1,2";
				VALIDATE_PRODUCT = YES;
				VERSIONING_SYSTEM = "apple-generic";
				VERSION_INFO_PREFIX = "";
			};
			name = Release;
		};
		A1D72EBE1E95996C0029E73C /* Debug */ = {
			isa = XCBuildConfiguration;
			buildSettings = {
				CLANG_ENABLE_MODULES = YES;
				CODE_SIGN_IDENTITY = "";
				DEFINES_MODULE = YES;
				DEVELOPMENT_TEAM = BEPPW5449K;
				DYLIB_COMPATIBILITY_VERSION = 1;
				DYLIB_CURRENT_VERSION = 1;
				DYLIB_INSTALL_NAME_BASE = "@rpath";
				INFOPLIST_FILE = SVNShapesManager/Info.plist;
				INSTALL_PATH = "$(LOCAL_LIBRARY_DIR)/Frameworks";
				LD_RUNPATH_SEARCH_PATHS = "$(inherited) @executable_path/Frameworks @loader_path/Frameworks";
				PRODUCT_BUNDLE_IDENTIFIER = com.7apps.SVNShapesManager;
				PRODUCT_NAME = "$(TARGET_NAME)";
				SKIP_INSTALL = YES;
				SWIFT_OPTIMIZATION_LEVEL = "-Onone";
				SWIFT_VERSION = 3.0;
			};
			name = Debug;
		};
		A1D72EBF1E95996C0029E73C /* Release */ = {
			isa = XCBuildConfiguration;
			buildSettings = {
				CLANG_ENABLE_MODULES = YES;
				CODE_SIGN_IDENTITY = "";
				DEFINES_MODULE = YES;
				DEVELOPMENT_TEAM = BEPPW5449K;
				DYLIB_COMPATIBILITY_VERSION = 1;
				DYLIB_CURRENT_VERSION = 1;
				DYLIB_INSTALL_NAME_BASE = "@rpath";
				INFOPLIST_FILE = SVNShapesManager/Info.plist;
				INSTALL_PATH = "$(LOCAL_LIBRARY_DIR)/Frameworks";
				LD_RUNPATH_SEARCH_PATHS = "$(inherited) @executable_path/Frameworks @loader_path/Frameworks";
				PRODUCT_BUNDLE_IDENTIFIER = com.7apps.SVNShapesManager;
				PRODUCT_NAME = "$(TARGET_NAME)";
				SKIP_INSTALL = YES;
				SWIFT_VERSION = 3.0;
			};
			name = Release;
		};
/* End XCBuildConfiguration section */

/* Begin XCConfigurationList section */
		A1D72EAF1E95996C0029E73C /* Build configuration list for PBXProject "SVNShapesManager" */ = {
			isa = XCConfigurationList;
			buildConfigurations = (
				A1D72EBB1E95996C0029E73C /* Debug */,
				A1D72EBC1E95996C0029E73C /* Release */,
			);
			defaultConfigurationIsVisible = 0;
			defaultConfigurationName = Release;
		};
		A1D72EBD1E95996C0029E73C /* Build configuration list for PBXNativeTarget "SVNShapesManager" */ = {
			isa = XCConfigurationList;
			buildConfigurations = (
				A1D72EBE1E95996C0029E73C /* Debug */,
				A1D72EBF1E95996C0029E73C /* Release */,
			);
			defaultConfigurationIsVisible = 0;
			defaultConfigurationName = Release;
		};
/* End XCConfigurationList section */
	};
	rootObject = A1D72EAC1E95996C0029E73C /* Project object */;
}
